
Microsoft Visual Studio Solution File, Format Version 12.00
# Visual Studio Version 16
VisualStudioVersion = 16.0.33801.447
MinimumVisualStudioVersion = 10.0.40219.1
Project("{FAE04EC0-301F-11D3-BF4B-00C04F79EFBC}") = "JumpingOnTheClouds", "JumpingOnTheClouds\JumpingOnTheClouds.csproj", "{029D7E2B-03BE-4FF2-840A-7C55FD6AC410}"
EndProject
Project("{FAE04EC0-301F-11D3-BF4B-00C04F79EFBC}") = "TimeConversion", "TimeCOnversion\TimeConversion.csproj", "{71181020-8F56-4028-8FDE-0B5F9E54FCE4}"
EndProject
Project("{FAE04EC0-301F-11D3-BF4B-00C04F79EFBC}") = "PlusMinus", "PlusMinus\PlusMinus.csproj", "{3A9015DD-7880-4994-9CAF-A8669BD6B3B5}"
EndProject
Project("{FAE04EC0-301F-11D3-BF4B-00C04F79EFBC}") = "MiniMaxSum", "MiniMaxSum\MiniMaxSum.csproj", "{03CD69BA-7BF1-4D94-87A8-32F0565B00DE}"
EndProject
Project("{FAE04EC0-301F-11D3-BF4B-00C04F79EFBC}") = "BirthdayCakeCandles", "BirthdayCakeCandles\BirthdayCakeCandles.csproj", "{7A30678E-AA6D-4E96-99DE-92D60418B191}"
EndProject
Global
	GlobalSection(SolutionConfigurationPlatforms) = preSolution
		Debug|Any CPU = Debug|Any CPU
		Release|Any CPU = Release|Any CPU
	EndGlobalSection
	GlobalSection(ProjectConfigurationPlatforms) = postSolution
		{029D7E2B-03BE-4FF2-840A-7C55FD6AC410}.Debug|Any CPU.ActiveCfg = Debug|Any CPU
		{029D7E2B-03BE-4FF2-840A-7C55FD6AC410}.Debug|Any CPU.Build.0 = Debug|Any CPU
		{029D7E2B-03BE-4FF2-840A-7C55FD6AC410}.Release|Any CPU.ActiveCfg = Release|Any CPU
		{029D7E2B-03BE-4FF2-840A-7C55FD6AC410}.Release|Any CPU.Build.0 = Release|Any CPU
		{71181020-8F56-4028-8FDE-0B5F9E54FCE4}.Debug|Any CPU.ActiveCfg = Debug|Any CPU
		{71181020-8F56-4028-8FDE-0B5F9E54FCE4}.Debug|Any CPU.Build.0 = Debug|Any CPU
		{71181020-8F56-4028-8FDE-0B5F9E54FCE4}.Release|Any CPU.ActiveCfg = Release|Any CPU
		{71181020-8F56-4028-8FDE-0B5F9E54FCE4}.Release|Any CPU.Build.0 = Release|Any CPU
		{3A9015DD-7880-4994-9CAF-A8669BD6B3B5}.Debug|Any CPU.ActiveCfg = Debug|Any CPU
		{3A9015DD-7880-4994-9CAF-A8669BD6B3B5}.Debug|Any CPU.Build.0 = Debug|Any CPU
		{3A9015DD-7880-4994-9CAF-A8669BD6B3B5}.Release|Any CPU.ActiveCfg = Release|Any CPU
		{3A9015DD-7880-4994-9CAF-A8669BD6B3B5}.Release|Any CPU.Build.0 = Release|Any CPU
		{03CD69BA-7BF1-4D94-87A8-32F0565B00DE}.Debug|Any CPU.ActiveCfg = Debug|Any CPU
		{03CD69BA-7BF1-4D94-87A8-32F0565B00DE}.Debug|Any CPU.Build.0 = Debug|Any CPU
		{03CD69BA-7BF1-4D94-87A8-32F0565B00DE}.Release|Any CPU.ActiveCfg = Release|Any CPU
		{03CD69BA-7BF1-4D94-87A8-32F0565B00DE}.Release|Any CPU.Build.0 = Release|Any CPU
		{7A30678E-AA6D-4E96-99DE-92D60418B191}.Debug|Any CPU.ActiveCfg = Debug|Any CPU
		{7A30678E-AA6D-4E96-99DE-92D60418B191}.Debug|Any CPU.Build.0 = Debug|Any CPU
		{7A30678E-AA6D-4E96-99DE-92D60418B191}.Release|Any CPU.ActiveCfg = Release|Any CPU
		{7A30678E-AA6D-4E96-99DE-92D60418B191}.Release|Any CPU.Build.0 = Release|Any CPU
	EndGlobalSection
	GlobalSection(SolutionProperties) = preSolution
		HideSolutionNode = FALSE
	EndGlobalSection
	GlobalSection(ExtensibilityGlobals) = postSolution
		SolutionGuid = {12F14A64-AA16-4F22-A626-E38714450D9C}
	EndGlobalSection
EndGlobal
